# THIS IS AN AUTOGENERATED FILE. DO NOT EDIT THIS FILE DIRECTLY.
assets/ajax-cart.js.liquid:
  development: 2017-03-31T11:23:25+02:00   7c896559feb883bcfd234c23e33030a8
assets/ajax-loader.gif:
  development: 2015-11-19T12:14:13+01:00   deca8b0ecd6974227d157b6d7068995d
assets/algolia_autocomplete.js.liquid:
  development: 2017-02-15T10:44:13+01:00   af5b15905cb0e1a00fab35412eb5efd8
assets/algolia_config.js.liquid:
  development: 2017-09-26T14:50:52+02:00   cb3208f5ddf9b52f9c4ac8714fa00fb7
assets/algolia_facets.js.liquid:
  development: 2017-02-27T14:04:28+01:00   3a166ba8651e33b39a6befe23dd50cbc
assets/algolia_helpers.js.liquid:
  development: 2017-02-15T10:44:13+01:00   6d763577223010b515b6fca1bc16930e
assets/algolia_init.js.liquid:
  development: 2017-10-12T18:30:18+02:00   7dd272df9f4db591fcb9af6a7963cc1f
assets/algolia_instant_search.js.liquid:
  development: 2017-03-10T11:13:45+01:00   f19b93ff5e83e4c19f862bdb9ed7b6e6
assets/algolia_sort_orders.js.liquid:
  development: 2017-02-15T10:44:13+01:00   7f10cb81bdb2e0375c9ab423f358d2a9
assets/arr.png:
  development: 2016-11-01T18:04:34+01:00   5de51959f115ffea5a5f8a07e2b04ae2
assets/bold-options.css:
  development: 2017-02-17T19:23:40+01:00   a10b84434375039676ed51bcb8e50695
assets/checkout_logo.png:
  development: 2016-11-12T16:55:10+01:00   b92fbbf7156f8d1735537ac5e322eb47
assets/fastclick.min.js:
  development: 2015-11-19T12:14:13+01:00   4c68290ccc4d503561895dff0821621f
assets/favicon.png:
  development: 2016-11-01T17:25:47+01:00   143058980ae8631e2bf6dbe941de91ba
assets/gift-card.scss.liquid:
  development: 2015-11-19T12:14:13+01:00   4013652f514c31ced96536bd134c4bc1
assets/handlebars.min.js:
  development: 2015-11-19T12:14:13+01:00   b3c11508a224ee83f86e2fc6491e9751
assets/hero_slide_1.jpg:
  development: 2017-10-18T10:00:52+02:00   22a3130cc1325fb2a1a60a6f8b308411
assets/hero_slide_2.jpg:
  development: 2017-10-09T11:30:01+02:00   dac09c9e95f33a73d500fe428fbb8132
assets/hero_slide_3.jpg:
  development: 2017-10-09T11:45:24+02:00   22a3130cc1325fb2a1a60a6f8b308411
assets/hero_slide_4.jpg:
  development: 2017-10-17T14:38:47+02:00   62720e28750b44d719ef912a760b93c4
assets/ico-select.svg.liquid:
  development: 2015-11-19T12:14:13+01:00   9c9cc5a57cc74a0a64c2f62b1370a920
assets/icons.eot:
  development: 2015-11-19T12:14:13+01:00   e4f3ecd305e5a3d20d5c70bac4daf58c
assets/icons.json:
  development: 2017-02-03T21:50:14+01:00   f141a06d9010f3fb088373a21a133045
assets/icons.svg:
  development: 2015-11-19T12:14:13+01:00   1d7af94f57131d4a912600bb6dcd2531
assets/icons.ttf:
  development: 2015-11-19T12:14:13+01:00   cf85c5050f0c792231150b5f4ff69430
assets/icons.woff:
  development: 2015-11-19T12:14:13+01:00   4b16eb200fb375c2027295c952e87a5e
assets/logo-inverted.png:
  development: 2015-11-27T16:55:32+01:00   2560de3bbdacb79e95dfe665306406ad
assets/logo.png:
  development: 2017-02-23T15:13:48+01:00   2336b30614cb754ab5f45efb1091f5cc
assets/magnific-popup.min.js:
  development: 2015-11-19T12:14:13+01:00   049f6e86c0d95422346c4bacfa593eb3
assets/match-media.min.js:
  development: 2015-11-19T12:14:13+01:00   9e431a1a6b7a8c12af2cef5c2a1ce14f
assets/modernizr.min.js:
  development: 2015-11-19T12:14:13+01:00   2e37516b46c9a9e2f46842c42e4b6e03
assets/password-page-background.jpg:
  development: 2015-11-19T12:14:14+01:00   4d5821272f875e5c11dd3a8c8e1d6133
assets/respond-proxy.html:
  development: 2015-11-19T12:14:14+01:00   75002d74a330bff6bf069284da503b4c
assets/respond.min.js:
  development: 2015-11-19T12:14:14+01:00   a2684e9b8fa50d6d11c56a9ada068528
assets/scrolltofixed.min.js:
  development: 2015-11-19T12:14:14+01:00   0d77c61cdb1567ecbff4ed800c144043
assets/slick-theme.js.liquid:
  development: 2015-11-19T12:14:14+01:00   3d799356c0e83a2f985d7d84cfd421a7
assets/slick.min.js.liquid:
  development: 2015-11-19T12:14:14+01:00   0e662484325406cbd170ea77347e7a82
assets/social-buttons.js.liquid:
  development: 2015-11-19T12:14:14+01:00   eea2dc9c5e2f99bc09d16407a6edad77
assets/sss.css:
  development: 2017-02-24T16:19:26+01:00   b69ef7ed623f63e6795d9d15523d3a39
assets/sss.js:
  development: 2016-11-01T18:03:03+01:00   60fd04db7908800e8508d33b870ced8c
assets/theme.js.liquid:
  development: 2016-05-11T00:03:28+02:00   f6123c318cb125abb0162c5093f65e1e
assets/theme.scss.liquid:
  development: 2017-09-29T20:21:25+02:00   39ab6e0bf78b2af4aebaf9e2b2a84c63
assets/timber.js.liquid:
  development: 2015-11-19T12:14:14+01:00   6e587c5434f3186594514cbbd9cbd855
assets/timber.scss.liquid:
  development: 2016-11-13T16:52:57+01:00   6adb53b3ba318a33da7b860111ab2467
assets/variant_selection.js:
  development: 2015-11-19T12:14:14+01:00   de179d1a42c7af039f9a654a4731194f
config/settings_data.json:
  development: 2017-10-23T11:19:53+02:00   9dd5112d90d72450466f9e0f81006e69
config/settings_schema.json:
  development: 2016-11-11T12:44:24+01:00   f69aa35bd5d6e74aab5928e7483dc689
layout/theme.liquid:
  development: 2017-10-23T16:45:07+02:00   56ed47163bf293b2bc9dd4660233e4c9
locales/de.json:
  development: 2017-02-03T21:49:58+01:00   2c9db9815a3ac93a2343d72d81e643d3
locales/en.default.json:
  development: 2017-02-03T21:50:13+01:00   db04109bb53db5b5423fe73cfffc2041
locales/es.json:
  development: 2017-02-03T21:50:15+01:00   a909f1d140beaf5287a06de3227f2313
locales/fr.json:
  development: 2017-08-26T11:43:43+02:00   cc7988daea55f69264b69c94a5f466fc
locales/pt-BR.json:
  development: 2017-02-03T21:50:45+01:00   e301376e7c1f157f69f09e57e555b325
locales/pt-PT.json:
  development: 2017-02-03T21:49:52+01:00   5fed2204b62fb777d25fb4bccd5fc0f6
snippets/SEOManager-404.liquid:
  development: 2017-10-22T00:46:53+02:00   27d5b69429e1c1fc3c0ef0f38358e6eb
snippets/SEOMetaManager-404.liquid:
  development: 2017-10-22T00:46:53+02:00   27d5b69429e1c1fc3c0ef0f38358e6eb
snippets/ajax-cart-template.liquid:
  development: 2017-02-10T16:51:31+01:00   4a5cacbb88a989d2f71bfb26309b258b
snippets/algolia_autocomplete.css.hogan.liquid:
  development: 2017-02-28T14:37:23+01:00   1043fdc853e1f04b3c3f11731bf5bd12
snippets/algolia_autocomplete.hogan.liquid:
  development: 2017-09-18T15:52:45+02:00   b66d97813803f096b7e2d06f882844d6
snippets/algolia_autocomplete_article.hogan.liquid:
  development: 2017-02-15T10:44:12+01:00   49baf879b5cd6b1ce84228e4668c0ea1
snippets/algolia_autocomplete_articles_empty.hogan.liquid:
  development: 2017-02-15T10:44:12+01:00   1ed822c5f42ee90f02f738d51fa76604
snippets/algolia_autocomplete_collection.hogan.liquid:
  development: 2017-02-15T10:44:12+01:00   3ccd67707eef461643ba52c74fcf0046
snippets/algolia_autocomplete_collections_empty.hogan.liquid:
  development: 2017-02-15T10:44:12+01:00   5d21fa0b00800aea25716fe1def89506
snippets/algolia_autocomplete_footer.hogan.liquid:
  development: 2017-02-17T13:26:19+01:00   61ee631e3ed15a01e4c16bd447cc7c57
snippets/algolia_autocomplete_product.hogan.liquid:
  development: 2017-09-18T16:23:34+02:00   6e99b8507b255fcb271aa29936aae565
snippets/algolia_autocomplete_products_empty.hogan.liquid:
  development: 2017-09-18T15:51:34+02:00   ab5ab75ce90e2c3c0a8b1485394db7a5
snippets/algolia_instant_search.css.hogan.liquid:
  development: 2017-02-28T14:39:47+01:00   fb6740d4605c3b8e91881db8ae94f289
snippets/algolia_instant_search.hogan.liquid:
  development: 2017-09-18T15:49:47+02:00   826d7b29419628c03d1be1def45c353f
snippets/algolia_instant_search_current_refined_values_item.hogan.liquid:
  development: 2017-02-15T10:44:12+01:00   6c57ed3dfd6bc6cd2f9bf58227c18cc9
snippets/algolia_instant_search_facet_item.hogan.liquid:
  development: 2017-02-28T14:38:53+01:00   6e64a060405b65a14547dea9ef412e3f
snippets/algolia_instant_search_no_result.hogan.liquid:
  development: 2017-02-28T14:39:13+01:00   fe2a612b73a924ed2381915cc22028d3
snippets/algolia_instant_search_product.hogan.liquid:
  development: 2017-09-18T16:21:27+02:00   ceb2d6c5f24dca0c46e56b8f630c4603
snippets/algolia_instant_search_stats.hogan.liquid:
  development: 2017-02-28T14:39:42+01:00   516dd6c9802e5d616cf5efa97c483e2e
snippets/algolia_money_format.liquid:
  development: 2017-02-15T10:44:12+01:00   18244bd847b5895ab5b88050b21b65c0
snippets/clients-images.liquid:
  development: 2017-02-11T18:30:09+01:00
snippets/collection-grid-collage.liquid:
  development: 2015-11-19T12:14:14+01:00   b4da868a6dbb5d26f4056c43733d44d5
snippets/collection-grid-item.liquid:
  development: 2015-11-19T12:14:14+01:00   88450504cef8797eca070d669baf03d9
snippets/collection-template.liquid:
  development: 2017-02-18T11:52:23+01:00   efdaba4ae3e12d30a8ade7ef25fc0001
snippets/comment.liquid:
  development: 2015-11-19T12:14:14+01:00   490bf7370ece4d0217f9c229aefd5880
snippets/customers-images.liquid:
  development: 2017-02-28T14:38:27+01:00
snippets/featured-collections.liquid:
  development: 2015-11-19T12:14:14+01:00   6a12cf7ed063d34052742b7f1d0a11c0
snippets/featured-products.liquid:
  development: 2015-11-19T12:14:14+01:00   97c7074d7d60ae7b01193e4762f49f04
snippets/google-fonts.liquid:
  development: 2015-11-19T12:14:14+01:00   8e40cfa27425f9a5b955b747e1edee96
snippets/hero.liquid:
  development: 2017-10-23T16:49:07+02:00   f4a5296b70dcd3bb15f312db5edfdf67
snippets/home-content.liquid:
  development: 2015-11-19T12:14:14+01:00   f227159b82971e2a50604fd56b508d86
snippets/icones.liquid:
  development: 2017-10-23T17:43:09+02:00   d70a01d5aa0bc67a4c88596ff281a64e
snippets/livraison.liquid:
  development: 2017-10-11T22:59:35+02:00   fca9b2d59af0966b2c2a7f0d34d6e66c
snippets/oldIE-js.liquid:
  development: 2015-11-19T12:14:15+01:00   daf28c8834122dcaf976369fdf48323a
snippets/onboarding-empty-collection.liquid:
  development: 2015-11-19T12:14:15+01:00   aa17c6a6b220bc618bfbde224e25a2c6
snippets/onboarding-featured-collections.liquid:
  development: 2015-11-19T12:14:15+01:00   9b1474eda2ec04452e47c94ca60bcdea
snippets/onboarding-featured-products.liquid:
  development: 2015-11-19T12:14:15+01:00   30686b1118339f52367b6351e23987d3
snippets/product-box.liquid:
  development: 2017-10-11T23:59:43+02:00   eed0b4b0459889f34859ebd1052b1231
snippets/product-description.liquid:
  development: 2017-10-12T00:11:49+02:00   ea4390531413dd2f3d2c0d92a9e68ebd
snippets/product-grid-collage.liquid:
  development: 2015-11-19T12:14:15+01:00   a258c7788397701a5db2d51783bfe2d2
snippets/product-grid-item.liquid:
  development: 2017-01-28T11:44:14+01:00   14502996b45eb1d71198a5d990389127
snippets/related-products.liquid:
  development: 2017-02-18T11:52:26+01:00   8b476b5aa907a8abc4830420b644fe23
snippets/respond.liquid:
  development: 2015-11-19T12:14:15+01:00   ca6abf0635dc2ad8c6bd377f83c79f6b
snippets/search-bar.liquid:
  development: 2016-11-04T15:35:32+01:00   09c97d1e453c835a8a5568a70d690883
snippets/slider.liquid:
  development: 2017-10-11T23:59:02+02:00   a035a6394433620497de36881a11e608
snippets/social-meta-tags.liquid:
  development: 2015-11-19T12:14:15+01:00   dd9f442571dbd69f6a37f08b669c20ea
snippets/social-sharing.liquid:
  development: 2015-11-19T12:14:15+01:00   5e7db7a310558e7b2be2210122c5858f
snippets/svg-definitions.liquid:
  development: 2017-02-03T21:50:24+01:00   fe4fbc64d534e355fd8653de4ebac79a
snippets/tags-article.liquid:
  development: 2015-11-19T12:14:15+01:00   4ea88511a917b0e96aba994f1e0c2541
templates/404.liquid:
  development: 2015-11-19T12:14:15+01:00   f1181b55ee89b4ad79ae81d244761cd2
templates/article.liquid:
  development: 2017-04-15T17:23:45+02:00   d0ce72c2b7c0c064ee8c27c4a7fb73ef
templates/blog.liquid:
  development: 2017-04-14T18:02:01+02:00   9123ead3665d8d9fee3a81812a364615
templates/cart.liquid:
  development: 2017-09-04T21:41:12+02:00   b2a5c15e8016a2912822c6dba748e3d5
templates/collection.image.liquid:
  development: 2015-11-19T12:14:15+01:00   522f66f6466c5f5b96c4974518ceb665
templates/collection.liquid:
  development: 2015-11-19T12:14:15+01:00   08cfa954a5be6c202f10f8d8f00f569f
templates/customers/account.liquid:
  development: 2015-11-19T12:14:15+01:00   0ccddcf47020d6f27fe26de1ef6fe084
templates/customers/activate_account.liquid:
  development: 2015-11-19T12:14:15+01:00   a569b8be750f47edddc82ffc62b847ac
templates/customers/addresses.liquid:
  development: 2015-11-19T12:14:15+01:00   a86f4b74f7d022952b355ea2afacabac
templates/customers/login.liquid:
  development: 2015-11-19T12:14:15+01:00   5fea701d036da687b6b1f1e28babb7bc
templates/customers/order.liquid:
  development: 2015-11-19T12:14:15+01:00   0d535311493db3cd220f01d70cbe07cc
templates/customers/register.liquid:
  development: 2015-11-19T12:14:15+01:00   3205d912f62cb0f866d974d5f2e22b37
templates/customers/reset_password.liquid:
  development: 2015-11-19T12:14:15+01:00   bd78871a9d2e373575659c6f9f68aa9b
templates/gift_card.liquid:
  development: 2015-11-19T12:14:15+01:00   0498921c744a58b256f812fab3784c89
templates/index.liquid:
  development: 2015-11-19T12:14:15+01:00   6c8661e0fda832ad0c0cfeb714e701ec
templates/list-collections.liquid:
  development: 2016-02-21T15:51:29+01:00   08178188fc83f8e8034bd0a709c8f507
templates/page.contact.liquid:
  development: 2015-11-19T12:14:15+01:00   b31a760236911163d10b4a663a76c59d
templates/page.liquid:
  development: 2015-11-19T12:14:15+01:00   3c1c3fb627419cc73d4cd19b32898d5e
templates/page.review.liquid:
  development: 2017-04-01T16:12:36+02:00   55b7e27500ef1603d3e20d1f53c79645
templates/password.liquid:
  development: 2015-11-19T12:14:15+01:00   7bc06d941025a7099ee4f87f88f9f2a6
templates/product.liquid:
  development: 2017-10-11T22:59:17+02:00   dbb286ce4f8adfbb6c20fdaae6730d3d
templates/product.slider-composition.liquid:
  development: 2017-10-12T00:12:10+02:00   44d383dc4c214e7876f0ab916f4b794a
templates/search.elpm_metaf.liquid:
  development: 2017-10-13T18:59:57+02:00   c69023d356903d4865d94055ec016ac5
templates/search.liquid:
  development: 2017-02-18T11:52:24+01:00   e0507b7bfc12d5e0f7ef25b4c800a705
